// !$*UTF8*$!
{
	archiveVersion = 1;
	classes = {
	};
	objectVersion = 48;
	objects = {

/* Begin PBXBuildFile section */
		4801D7A21FBDC5FE006C1FBF /* Password.swift in Sources */ = {isa = PBXBuildFile; fileRef = 4801D7A11FBDC5FE006C1FBF /* Password.swift */; };
		4811BE5E1FBCE7EE0094E915 /* AppDelegate.swift in Sources */ = {isa = PBXBuildFile; fileRef = 4811BE5D1FBCE7EE0094E915 /* AppDelegate.swift */; };
		4811BE601FBCE7EE0094E915 /* MainController.swift in Sources */ = {isa = PBXBuildFile; fileRef = 4811BE5F1FBCE7EE0094E915 /* MainController.swift */; };
		4811BE631FBCE7EE0094E915 /* Main.storyboard in Resources */ = {isa = PBXBuildFile; fileRef = 4811BE611FBCE7EE0094E915 /* Main.storyboard */; };
		4811BE651FBCE7EE0094E915 /* Assets.xcassets in Resources */ = {isa = PBXBuildFile; fileRef = 4811BE641FBCE7EE0094E915 /* Assets.xcassets */; };
		4811BE681FBCE7EE0094E915 /* LaunchScreen.storyboard in Resources */ = {isa = PBXBuildFile; fileRef = 4811BE661FBCE7EE0094E915 /* LaunchScreen.storyboard */; };
		485AF8F11FBCF7E300DDAF58 /* AddWebsiteController.swift in Sources */ = {isa = PBXBuildFile; fileRef = 485AF8F01FBCF7E300DDAF58 /* AddWebsiteController.swift */; };
/* End PBXBuildFile section */

/* Begin PBXFileReference section */
		4801D7A11FBDC5FE006C1FBF /* Password.swift */ = {isa = PBXFileReference; lastKnownFileType = sourcecode.swift; path = Password.swift; sourceTree = "<group>"; };
		4811BE5A1FBCE7EE0094E915 /* SafeLock.app */ = {isa = PBXFileReference; explicitFileType = wrapper.application; includeInIndex = 0; path = SafeLock.app; sourceTree = BUILT_PRODUCTS_DIR; };
		4811BE5D1FBCE7EE0094E915 /* AppDelegate.swift */ = {isa = PBXFileReference; lastKnownFileType = sourcecode.swift; path = AppDelegate.swift; sourceTree = "<group>"; };
		4811BE5F1FBCE7EE0094E915 /* MainController.swift */ = {isa = PBXFileReference; lastKnownFileType = sourcecode.swift; path = MainController.swift; sourceTree = "<group>"; };
		4811BE621FBCE7EE0094E915 /* Base */ = {isa = PBXFileReference; lastKnownFileType = file.storyboard; name = Base; path = Base.lproj/Main.storyboard; sourceTree = "<group>"; };
		4811BE641FBCE7EE0094E915 /* Assets.xcassets */ = {isa = PBXFileReference; lastKnownFileType = folder.assetcatalog; path = Assets.xcassets; sourceTree = "<group>"; };
		4811BE671FBCE7EE0094E915 /* Base */ = {isa = PBXFileReference; lastKnownFileType = file.storyboard; name = Base; path = Base.lproj/LaunchScreen.storyboard; sourceTree = "<group>"; };
		4811BE691FBCE7EE0094E915 /* Info.plist */ = {isa = PBXFileReference; lastKnownFileType = text.plist.xml; path = Info.plist; sourceTree = "<group>"; };
		485AF8F01FBCF7E300DDAF58 /* AddWebsiteController.swift */ = {isa = PBXFileReference; lastKnownFileType = sourcecode.swift; path = AddWebsiteController.swift; sourceTree = "<group>"; };
/* End PBXFileReference section */

/* Begin PBXFrameworksBuildPhase section */
		4811BE571FBCE7EE0094E915 /* Frameworks */ = {
			isa = PBXFrameworksBuildPhase;
			buildActionMask = 2147483647;
			files = (
			);
			runOnlyForDeploymentPostprocessing = 0;
		};
/* End PBXFrameworksBuildPhase section */

/* Begin PBXGroup section */
		4811BE511FBCE7ED0094E915 = {
			isa = PBXGroup;
			children = (
				4811BE5C1FBCE7EE0094E915 /* SafeLock */,
				4811BE5B1FBCE7EE0094E915 /* Products */,
			);
			sourceTree = "<group>";
		};
		4811BE5B1FBCE7EE0094E915 /* Products */ = {
			isa = PBXGroup;
			children = (
				4811BE5A1FBCE7EE0094E915 /* SafeLock.app */,
			);
			name = Products;
			sourceTree = "<group>";
		};
		4811BE5C1FBCE7EE0094E915 /* SafeLock */ = {
			isa = PBXGroup;
			children = (
				4811BE5D1FBCE7EE0094E915 /* AppDelegate.swift */,
				4811BE5F1FBCE7EE0094E915 /* MainController.swift */,
				4801D7A11FBDC5FE006C1FBF /* Password.swift */,
				4811BE611FBCE7EE0094E915 /* Main.storyboard */,
				4811BE641FBCE7EE0094E915 /* Assets.xcassets */,
				4811BE661FBCE7EE0094E915 /* LaunchScreen.storyboard */,
				4811BE691FBCE7EE0094E915 /* Info.plist */,
				485AF8F01FBCF7E300DDAF58 /* AddWebsiteController.swift */,
			);
			path = SafeLock;
			sourceTree = "<group>";
		};
/* End PBXGroup section */

/* Begin PBXNativeTarget section */
		4811BE591FBCE7EE0094E915 /* SafeLock */ = {
			isa = PBXNativeTarget;
			buildConfigurationList = 4811BE6C1FBCE7EE0094E915 /* Build configuration list for PBXNativeTarget "SafeLock" */;
			buildPhases = (
				4811BE561FBCE7EE0094E915 /* Sources */,
				4811BE571FBCE7EE0094E915 /* Frameworks */,
				4811BE581FBCE7EE0094E915 /* Resources */,
			);
			buildRules = (
			);
			dependencies = (
			);
			name = SafeLock;
			productName = SafeLock;
			productReference = 4811BE5A1FBCE7EE0094E915 /* SafeLock.app */;
			productType = "com.apple.product-type.application";
		};
/* End PBXNativeTarget section */

/* Begin PBXProject section */
		4811BE521FBCE7ED0094E915 /* Project object */ = {
			isa = PBXProject;
			attributes = {
				LastSwiftUpdateCheck = 0900;
				LastUpgradeCheck = 0900;
				ORGANIZATIONNAME = "Juchault.Lemarié";
				TargetAttributes = {
					4811BE591FBCE7EE0094E915 = {
						CreatedOnToolsVersion = 9.0;
					};
				};
			};
			buildConfigurationList = 4811BE551FBCE7ED0094E915 /* Build configuration list for PBXProject "SafeLock" */;
			compatibilityVersion = "Xcode 8.0";
			developmentRegion = en;
			hasScannedForEncodings = 0;
			knownRegions = (
				en,
				Base,
			);
			mainGroup = 4811BE511FBCE7ED0094E915;
			productRefGroup = 4811BE5B1FBCE7EE0094E915 /* Products */;
			projectDirPath = "";
			projectRoot = "";
			targets = (
				4811BE591FBCE7EE0094E915 /* SafeLock */,
			);
		};
/* End PBXProject section */

/* Begin PBXResourcesBuildPhase section */
		4811BE581FBCE7EE0094E915 /* Resources */ = {
			isa = PBXResourcesBuildPhase;
			buildActionMask = 2147483647;
			files = (
				4811BE681FBCE7EE0094E915 /* LaunchScreen.storyboard in Resources */,
				4811BE651FBCE7EE0094E915 /* Assets.xcassets in Resources */,
				4811BE631FBCE7EE0094E915 /* Main.storyboard in Resources */,
			);
			runOnlyForDeploymentPostprocessing = 0;
		};
/* End PBXResourcesBuildPhase section */

/* Begin PBXSourcesBuildPhase section */
		4811BE561FBCE7EE0094E915 /* Sources */ = {
			isa = PBXSourcesBuildPhase;
			buildActionMask = 2147483647;
			files = (
				4801D7A21FBDC5FE006C1FBF /* Password.swift in Sources */,
				485AF8F11FBCF7E300DDAF58 /* AddWebsiteController.swift in Sources */,
				4811BE601FBCE7EE0094E915 /* MainController.swift in Sources */,
				4811BE5E1FBCE7EE0094E915 /* AppDelegate.swift in Sources */,
			);
			runOnlyForDeploymentPostprocessing = 0;
		};
/* End PBXSourcesBuildPhase section */

/* Begin PBXVariantGroup section */
		4811BE611FBCE7EE0094E915 /* Main.storyboard */ = {
			isa = PBXVariantGroup;
			children = (
				4811BE621FBCE7EE0094E915 /* Base */,
			);
			name = Main.storyboard;
			sourceTree = "<group>";
		};
		4811BE661FBCE7EE0094E915 /* LaunchScreen.storyboard */ = {
			isa = PBXVariantGroup;
			children = (
				4811BE671FBCE7EE0094E915 /* Base */,
			);
			name = LaunchScreen.storyboard;
			sourceTree = "<group>";
		};
/* End PBXVariantGroup section */

/* Begin XCBuildConfiguration section */
		4811BE6A1FBCE7EE0094E915 /* Debug */ = {
			isa = XCBuildConfiguration;
			buildSettings = {
				ALWAYS_SEARCH_USER_PATHS = NO;
				CLANG_ANALYZER_NONNULL = YES;
				CLANG_ANALYZER_NUMBER_OBJECT_CONVERSION = YES_AGGRESSIVE;
				CLANG_CXX_LANGUAGE_STANDARD = "gnu++14";
				CLANG_CXX_LIBRARY = "libc++";
				CLANG_ENABLE_MODULES = YES;
				CLANG_ENABLE_OBJC_ARC = YES;
				CLANG_WARN_BLOCK_CAPTURE_AUTORELEASING = YES;
				CLANG_WARN_BOOL_CONVERSION = YES;
				CLANG_WARN_COMMA = YES;
				CLANG_WARN_CONSTANT_CONVERSION = YES;
				CLANG_WARN_DIRECT_OBJC_ISA_USAGE = YES_ERROR;
				CLANG_WARN_DOCUMENTATION_COMMENTS = YES;
				CLANG_WARN_EMPTY_BODY = YES;
				CLANG_WARN_ENUM_CONVERSION = YES;
				CLANG_WARN_INFINITE_RECURSION = YES;
				CLANG_WARN_INT_CONVERSION = YES;
				CLANG_WARN_NON_LITERAL_NULL_CONVERSION = YES;
				CLANG_WARN_OBJC_LITERAL_CONVERSION = YES;
				CLANG_WARN_OBJC_ROOT_CLASS = YES_ERROR;
				CLANG_WARN_RANGE_LOOP_ANALYSIS = YES;
				CLANG_WARN_STRICT_PROTOTYPES = YES;
				CLANG_WARN_SUSPICIOUS_MOVE = YES;
				CLANG_WARN_UNGUARDED_AVAILABILITY = YES_AGGRESSIVE;
				CLANG_WARN_UNREACHABLE_CODE = YES;
				CLANG_WARN__DUPLICATE_METHOD_MATCH = YES;
				CODE_SIGN_IDENTITY = "iPhone Developer";
				COPY_PHASE_STRIP = NO;
				DEBUG_INFORMATION_FORMAT = dwarf;
				ENABLE_STRICT_OBJC_MSGSEND = YES;
				ENABLE_TESTABILITY = YES;
				GCC_C_LANGUAGE_STANDARD = gnu11;
				GCC_DYNAMIC_NO_PIC = NO;
				GCC_NO_COMMON_BLOCKS = YES;
				GCC_OPTIMIZATION_LEVEL = 0;
				GCC_PREPROCESSOR_DEFINITIONS = (
					"DEBUG=1",
					"$(inherited)",
				);
				GCC_WARN_64_TO_32_BIT_CONVERSION = YES;
				GCC_WARN_ABOUT_RETURN_TYPE = YES_ERROR;
				GCC_WARN_UNDECLARED_SELECTOR = YES;
				GCC_WARN_UNINITIALIZED_AUTOS = YES_AGGRESSIVE;
				GCC_WARN_UNUSED_FUNCTION = YES;
				GCC_WARN_UNUSED_VARIABLE = YES;
				IPHONEOS_DEPLOYMENT_TARGET = 11.0;
				MTL_ENABLE_DEBUG_INFO = YES;
				ONLY_ACTIVE_ARCH = YES;
				SDKROOT = iphoneos;
				SWIFT_ACTIVE_COMPILATION_CONDITIONS = DEBUG;
				SWIFT_OPTIMIZATION_LEVEL = "-Onone";
			};
			name = Debug;
		};
		4811BE6B1FBCE7EE0094E915 /* Release */ = {
			isa = XCBuildConfiguration;
			buildSettings = {
				ALWAYS_SEARCH_USER_PATHS = NO;
				CLANG_ANALYZER_NONNULL = YES;
				CLANG_ANALYZER_NUMBER_OBJECT_CONVERSION = YES_AGGRESSIVE;
				CLANG_CXX_LANGUAGE_STANDARD = "gnu++14";
				CLANG_CXX_LIBRARY = "libc++";
				CLANG_ENABLE_MODULES = YES;
				CLANG_ENABLE_OBJC_ARC = YES;
				CLANG_WARN_BLOCK_CAPTURE_AUTORELEASING = YES;
				CLANG_WARN_BOOL_CONVERSION = YES;
				CLANG_WARN_COMMA = YES;
				CLANG_WARN_CONSTANT_CONVERSION = YES;
				CLANG_WARN_DIRECT_OBJC_ISA_USAGE = YES_ERROR;
				CLANG_WARN_DOCUMENTATION_COMMENTS = YES;
				CLANG_WARN_EMPTY_BODY = YES;
				CLANG_WARN_ENUM_CONVERSION = YES;
				CLANG_WARN_INFINITE_RECURSION = YES;
				CLANG_WARN_INT_CONVERSION = YES;
				CLANG_WARN_NON_LITERAL_NULL_CONVERSION = YES;
				CLANG_WARN_OBJC_LITERAL_CONVERSION = YES;
				CLANG_WARN_OBJC_ROOT_CLASS = YES_ERROR;
				CLANG_WARN_RANGE_LOOP_ANALYSIS = YES;
				CLANG_WARN_STRICT_PROTOTYPES = YES;
				CLANG_WARN_SUSPICIOUS_MOVE = YES;
				CLANG_WARN_UNGUARDED_AVAILABILITY = YES_AGGRESSIVE;
				CLANG_WARN_UNREACHABLE_CODE = YES;
				CLANG_WARN__DUPLICATE_METHOD_MATCH = YES;
				CODE_SIGN_IDENTITY = "iPhone Developer";
				COPY_PHASE_STRIP = NO;
				DEBUG_INFORMATION_FORMAT = "dwarf-with-dsym";
				ENABLE_NS_ASSERTIONS = NO;
				ENABLE_STRICT_OBJC_MSGSEND = YES;
				GCC_C_LANGUAGE_STANDARD = gnu11;
				GCC_NO_COMMON_BLOCKS = YES;
				GCC_WARN_64_TO_32_BIT_CONVERSION = YES;
				GCC_WARN_ABOUT_RETURN_TYPE = YES_ERROR;
				GCC_WARN_UNDECLARED_SELECTOR = YES;
				GCC_WARN_UNINITIALIZED_AUTOS = YES_AGGRESSIVE;
				GCC_WARN_UNUSED_FUNCTION = YES;
				GCC_WARN_UNUSED_VARIABLE = YES;
				IPHONEOS_DEPLOYMENT_TARGET = 11.0;
				MTL_ENABLE_DEBUG_INFO = NO;
				SDKROOT = iphoneos;
				SWIFT_OPTIMIZATION_LEVEL = "-Owholemodule";
				VALIDATE_PRODUCT = YES;
			};
			name = Release;
		};
		4811BE6D1FBCE7EE0094E915 /* Debug */ = {
			isa = XCBuildConfiguration;
			buildSettings = {
				ASSETCATALOG_COMPILER_APPICON_NAME = AppIcon;
				DEVELOPMENT_TEAM = E7NC6M4TZD;
				INFOPLIST_FILE = SafeLock/Info.plist;
				LD_RUNPATH_SEARCH_PATHS = "$(inherited) @executable_path/Frameworks";
				PRODUCT_BUNDLE_IDENTIFIER = "if26.juchault-lemarie.SafeLock";
				PRODUCT_NAME = "$(TARGET_NAME)";
				SWIFT_VERSION = 4.0;
				TARGETED_DEVICE_FAMILY = "1,2";
			};
			name = Debug;
		};
		4811BE6E1FBCE7EE0094E915 /* Release */ = {
			isa = XCBuildConfiguration;
			buildSettings = {
				ASSETCATALOG_COMPILER_APPICON_NAME = AppIcon;
				DEVELOPMENT_TEAM = E7NC6M4TZD;
				INFOPLIST_FILE = SafeLock/Info.plist;
				LD_RUNPATH_SEARCH_PATHS = "$(inherited) @executable_path/Frameworks";
				PRODUCT_BUNDLE_IDENTIFIER = "if26.juchault-lemarie.SafeLock";
				PRODUCT_NAME = "$(TARGET_NAME)";
				SWIFT_VERSION = 4.0;
				TARGETED_DEVICE_FAMILY = "1,2";
			};
			name = Release;
		};
/* End XCBuildConfiguration section */

/* Begin XCConfigurationList section */
		4811BE551FBCE7ED0094E915 /* Build configuration list for PBXProject "SafeLock" */ = {
			isa = XCConfigurationList;
			buildConfigurations = (
				4811BE6A1FBCE7EE0094E915 /* Debug */,
				4811BE6B1FBCE7EE0094E915 /* Release */,
			);
			defaultConfigurationIsVisible = 0;
			defaultConfigurationName = Release;
		};
		4811BE6C1FBCE7EE0094E915 /* Build configuration list for PBXNativeTarget "SafeLock" */ = {
			isa = XCConfigurationList;
			buildConfigurations = (
				4811BE6D1FBCE7EE0094E915 /* Debug */,
				4811BE6E1FBCE7EE0094E915 /* Release */,
			);
			defaultConfigurationIsVisible = 0;
			defaultConfigurationName = Release;
		};
/* End XCConfigurationList section */
	};
	rootObject = 4811BE521FBCE7ED0094E915 /* Project object */;
}
