// !$*UTF8*$!
{
	archiveVersion = 1;
	classes = {
	};
	objectVersion = 48;
	objects = {

/* Begin PBXBuildFile section */
		40D6A66E5F941FE1BF1C3CD2 /* Pods_SafeLock.framework in Frameworks */ = {isa = PBXBuildFile; fileRef = 0F42C0103DC22AAECB33B46B /* Pods_SafeLock.framework */; };
		4801D7A21FBDC5FE006C1FBF /* Password.swift in Sources */ = {isa = PBXBuildFile; fileRef = 4801D7A11FBDC5FE006C1FBF /* Password.swift */; };
		4810C3AF1FCC44B4006B7AB4 /* UIImage+downloadedFrom.swift in Sources */ = {isa = PBXBuildFile; fileRef = 4810C3AE1FCC44B4006B7AB4 /* UIImage+downloadedFrom.swift */; };
		4811BE5E1FBCE7EE0094E915 /* AppDelegate.swift in Sources */ = {isa = PBXBuildFile; fileRef = 4811BE5D1FBCE7EE0094E915 /* AppDelegate.swift */; };
		4811BE601FBCE7EE0094E915 /* MainController.swift in Sources */ = {isa = PBXBuildFile; fileRef = 4811BE5F1FBCE7EE0094E915 /* MainController.swift */; };
		4811BE631FBCE7EE0094E915 /* Main.storyboard in Resources */ = {isa = PBXBuildFile; fileRef = 4811BE611FBCE7EE0094E915 /* Main.storyboard */; };
		4811BE681FBCE7EE0094E915 /* LaunchScreen.storyboard in Resources */ = {isa = PBXBuildFile; fileRef = 4811BE661FBCE7EE0094E915 /* LaunchScreen.storyboard */; };
		481E50D31FCA1E220051E4F5 /* Crypto.framework in Frameworks */ = {isa = PBXBuildFile; fileRef = 481E50D11FCA1E220051E4F5 /* Crypto.framework */; };
		481E50D41FCA1E220051E4F5 /* CommonCrypto.framework in Frameworks */ = {isa = PBXBuildFile; fileRef = 481E50D21FCA1E220051E4F5 /* CommonCrypto.framework */; };
		482085071FC5E5DF0013B33B /* User.swift in Sources */ = {isa = PBXBuildFile; fileRef = 482085061FC5E5DF0013B33B /* User.swift */; };
		482085091FC5ECA00013B33B /* CreateAccountController.swift in Sources */ = {isa = PBXBuildFile; fileRef = 482085081FC5ECA00013B33B /* CreateAccountController.swift */; };
		4821AF0C1FCA1FA300007049 /* CommonCrypto.framework in Copy Files */ = {isa = PBXBuildFile; fileRef = 481E50D21FCA1E220051E4F5 /* CommonCrypto.framework */; settings = {ATTRIBUTES = (CodeSignOnCopy, RemoveHeadersOnCopy, ); }; };
		4821AF0D1FCA1FA300007049 /* Crypto.framework in Copy Files */ = {isa = PBXBuildFile; fileRef = 481E50D11FCA1E220051E4F5 /* Crypto.framework */; settings = {ATTRIBUTES = (CodeSignOnCopy, RemoveHeadersOnCopy, ); }; };
		485AF8F11FBCF7E300DDAF58 /* AddWebsiteController.swift in Sources */ = {isa = PBXBuildFile; fileRef = 485AF8F01FBCF7E300DDAF58 /* AddWebsiteController.swift */; };
		487A88361FC31B08003CFD4F /* ConfirmDeletion.swift in Sources */ = {isa = PBXBuildFile; fileRef = 487A88351FC31B08003CFD4F /* ConfirmDeletion.swift */; };
		48ACCA961FC60E3B003685E2 /* LoginController.swift in Sources */ = {isa = PBXBuildFile; fileRef = 48ACCA951FC60E3A003685E2 /* LoginController.swift */; };
		48B314521FCC480F0050CEA9 /* NSData+MyExtensions.m in Sources */ = {isa = PBXBuildFile; fileRef = 48B3144F1FCC480F0050CEA9 /* NSData+MyExtensions.m */; };
		48B314531FCC480F0050CEA9 /* Data+MyExtensions.swift in Sources */ = {isa = PBXBuildFile; fileRef = 48B314501FCC480F0050CEA9 /* Data+MyExtensions.swift */; };
		48B314551FCC54370050CEA9 /* String+toRedNumbers.swift in Sources */ = {isa = PBXBuildFile; fileRef = 48B314541FCC54370050CEA9 /* String+toRedNumbers.swift */; };
		48CB872C1FC04BAD00DBA04E /* PasswordTableViewCell.swift in Sources */ = {isa = PBXBuildFile; fileRef = 48CB872B1FC04BAD00DBA04E /* PasswordTableViewCell.swift */; };
/* End PBXBuildFile section */

/* Begin PBXCopyFilesBuildPhase section */
		4821AF0B1FCA1F7900007049 /* Copy Files */ = {
			isa = PBXCopyFilesBuildPhase;
			buildActionMask = 12;
			dstPath = "";
			dstSubfolderSpec = 10;
			files = (
				4821AF0C1FCA1FA300007049 /* CommonCrypto.framework in Copy Files */,
				4821AF0D1FCA1FA300007049 /* Crypto.framework in Copy Files */,
			);
			name = "Copy Files";
			runOnlyForDeploymentPostprocessing = 0;
		};
/* End PBXCopyFilesBuildPhase section */

/* Begin PBXFileReference section */
		0F42C0103DC22AAECB33B46B /* Pods_SafeLock.framework */ = {isa = PBXFileReference; explicitFileType = wrapper.framework; includeInIndex = 0; path = Pods_SafeLock.framework; sourceTree = BUILT_PRODUCTS_DIR; };
		4801D7A11FBDC5FE006C1FBF /* Password.swift */ = {isa = PBXFileReference; lastKnownFileType = sourcecode.swift; path = Password.swift; sourceTree = "<group>"; };
		4810C3AE1FCC44B4006B7AB4 /* UIImage+downloadedFrom.swift */ = {isa = PBXFileReference; lastKnownFileType = sourcecode.swift; path = "UIImage+downloadedFrom.swift"; sourceTree = "<group>"; };
		4811BE5A1FBCE7EE0094E915 /* SafeLock.app */ = {isa = PBXFileReference; explicitFileType = wrapper.application; includeInIndex = 0; path = SafeLock.app; sourceTree = BUILT_PRODUCTS_DIR; };
		4811BE5D1FBCE7EE0094E915 /* AppDelegate.swift */ = {isa = PBXFileReference; lastKnownFileType = sourcecode.swift; path = AppDelegate.swift; sourceTree = "<group>"; };
		4811BE5F1FBCE7EE0094E915 /* MainController.swift */ = {isa = PBXFileReference; lastKnownFileType = sourcecode.swift; path = MainController.swift; sourceTree = "<group>"; };
		4811BE621FBCE7EE0094E915 /* Base */ = {isa = PBXFileReference; lastKnownFileType = file.storyboard; name = Base; path = Base.lproj/Main.storyboard; sourceTree = "<group>"; };
		4811BE671FBCE7EE0094E915 /* Base */ = {isa = PBXFileReference; lastKnownFileType = file.storyboard; name = Base; path = Base.lproj/LaunchScreen.storyboard; sourceTree = "<group>"; };
		4811BE691FBCE7EE0094E915 /* Info.plist */ = {isa = PBXFileReference; lastKnownFileType = text.plist.xml; path = Info.plist; sourceTree = "<group>"; };
		481E50D11FCA1E220051E4F5 /* Crypto.framework */ = {isa = PBXFileReference; lastKnownFileType = wrapper.framework; name = Crypto.framework; path = Carthage/Build/iOS/Crypto.framework; sourceTree = "<group>"; };
		481E50D21FCA1E220051E4F5 /* CommonCrypto.framework */ = {isa = PBXFileReference; lastKnownFileType = wrapper.framework; name = CommonCrypto.framework; path = Carthage/Build/iOS/CommonCrypto.framework; sourceTree = "<group>"; };
		482085061FC5E5DF0013B33B /* User.swift */ = {isa = PBXFileReference; lastKnownFileType = sourcecode.swift; path = User.swift; sourceTree = "<group>"; };
		482085081FC5ECA00013B33B /* CreateAccountController.swift */ = {isa = PBXFileReference; lastKnownFileType = sourcecode.swift; path = CreateAccountController.swift; sourceTree = "<group>"; };
		4822D18C1FCA1196006DB4AB /* CryptoSwift.framework */ = {isa = PBXFileReference; lastKnownFileType = wrapper.framework; path = CryptoSwift.framework; sourceTree = "<group>"; };
		485AF8F01FBCF7E300DDAF58 /* AddWebsiteController.swift */ = {isa = PBXFileReference; lastKnownFileType = sourcecode.swift; path = AddWebsiteController.swift; sourceTree = "<group>"; };
		487A88351FC31B08003CFD4F /* ConfirmDeletion.swift */ = {isa = PBXFileReference; lastKnownFileType = sourcecode.swift; path = ConfirmDeletion.swift; sourceTree = "<group>"; };
		48A40DC51FC5B0C400305D42 /* Assets.xcassets */ = {isa = PBXFileReference; lastKnownFileType = folder.assetcatalog; path = Assets.xcassets; sourceTree = "<group>"; };
		48ACCA951FC60E3A003685E2 /* LoginController.swift */ = {isa = PBXFileReference; lastKnownFileType = sourcecode.swift; path = LoginController.swift; sourceTree = "<group>"; };
		48B3144E1FCC480F0050CEA9 /* SafeLock-Bridging-Header.h */ = {isa = PBXFileReference; lastKnownFileType = sourcecode.c.h; path = "SafeLock-Bridging-Header.h"; sourceTree = "<group>"; };
		48B3144F1FCC480F0050CEA9 /* NSData+MyExtensions.m */ = {isa = PBXFileReference; fileEncoding = 4; lastKnownFileType = sourcecode.c.objc; path = "NSData+MyExtensions.m"; sourceTree = "<group>"; };
		48B314501FCC480F0050CEA9 /* Data+MyExtensions.swift */ = {isa = PBXFileReference; fileEncoding = 4; lastKnownFileType = sourcecode.swift; path = "Data+MyExtensions.swift"; sourceTree = "<group>"; };
		48B314511FCC480F0050CEA9 /* NSData+MyExtensions.h */ = {isa = PBXFileReference; fileEncoding = 4; lastKnownFileType = sourcecode.c.h; path = "NSData+MyExtensions.h"; sourceTree = "<group>"; };
		48B314541FCC54370050CEA9 /* String+toRedNumbers.swift */ = {isa = PBXFileReference; lastKnownFileType = sourcecode.swift; path = "String+toRedNumbers.swift"; sourceTree = "<group>"; };
		48CB872B1FC04BAD00DBA04E /* PasswordTableViewCell.swift */ = {isa = PBXFileReference; lastKnownFileType = sourcecode.swift; path = PasswordTableViewCell.swift; sourceTree = "<group>"; };
		726DA8716AE1F1B303DB1843 /* Pods-SafeLock.release.xcconfig */ = {isa = PBXFileReference; includeInIndex = 1; lastKnownFileType = text.xcconfig; name = "Pods-SafeLock.release.xcconfig"; path = "Pods/Target Support Files/Pods-SafeLock/Pods-SafeLock.release.xcconfig"; sourceTree = "<group>"; };
		C6296C816BF212A6C7F76957 /* Pods-SafeLock.debug.xcconfig */ = {isa = PBXFileReference; includeInIndex = 1; lastKnownFileType = text.xcconfig; name = "Pods-SafeLock.debug.xcconfig"; path = "Pods/Target Support Files/Pods-SafeLock/Pods-SafeLock.debug.xcconfig"; sourceTree = "<group>"; };
/* End PBXFileReference section */

/* Begin PBXFrameworksBuildPhase section */
		4811BE571FBCE7EE0094E915 /* Frameworks */ = {
			isa = PBXFrameworksBuildPhase;
			buildActionMask = 2147483647;
			files = (
				40D6A66E5F941FE1BF1C3CD2 /* Pods_SafeLock.framework in Frameworks */,
				481E50D31FCA1E220051E4F5 /* Crypto.framework in Frameworks */,
				481E50D41FCA1E220051E4F5 /* CommonCrypto.framework in Frameworks */,
			);
			runOnlyForDeploymentPostprocessing = 0;
		};
/* End PBXFrameworksBuildPhase section */

/* Begin PBXGroup section */
		4811BE511FBCE7ED0094E915 = {
			isa = PBXGroup;
			children = (
				4811BE5C1FBCE7EE0094E915 /* SafeLock */,
				4811BE5B1FBCE7EE0094E915 /* Products */,
				E5D860039BBDD3DAD8C237B6 /* Pods */,
				DA5D6C50FE79DBFC5BE94446 /* Frameworks */,
			);
			sourceTree = "<group>";
		};
		4811BE5B1FBCE7EE0094E915 /* Products */ = {
			isa = PBXGroup;
			children = (
				4811BE5A1FBCE7EE0094E915 /* SafeLock.app */,
			);
			name = Products;
			sourceTree = "<group>";
		};
		4811BE5C1FBCE7EE0094E915 /* SafeLock */ = {
			isa = PBXGroup;
			children = (
				48B3144D1FCC47AC0050CEA9 /* lib */,
				482085051FC5E5CB0013B33B /* Views */,
				482085041FC5E5BE0013B33B /* Models */,
				482085031FC5E5780013B33B /* ViewControllers */,
				4811BE5D1FBCE7EE0094E915 /* AppDelegate.swift */,
				48A40DC51FC5B0C400305D42 /* Assets.xcassets */,
				4811BE691FBCE7EE0094E915 /* Info.plist */,
			);
			path = SafeLock;
			sourceTree = "<group>";
		};
		482085031FC5E5780013B33B /* ViewControllers */ = {
			isa = PBXGroup;
			children = (
				485AF8F01FBCF7E300DDAF58 /* AddWebsiteController.swift */,
				4811BE5F1FBCE7EE0094E915 /* MainController.swift */,
				48CB872B1FC04BAD00DBA04E /* PasswordTableViewCell.swift */,
				487A88351FC31B08003CFD4F /* ConfirmDeletion.swift */,
				482085081FC5ECA00013B33B /* CreateAccountController.swift */,
				48ACCA951FC60E3A003685E2 /* LoginController.swift */,
			);
			path = ViewControllers;
			sourceTree = "<group>";
		};
		482085041FC5E5BE0013B33B /* Models */ = {
			isa = PBXGroup;
			children = (
				4801D7A11FBDC5FE006C1FBF /* Password.swift */,
				482085061FC5E5DF0013B33B /* User.swift */,
			);
			path = Models;
			sourceTree = "<group>";
		};
		482085051FC5E5CB0013B33B /* Views */ = {
			isa = PBXGroup;
			children = (
				4811BE611FBCE7EE0094E915 /* Main.storyboard */,
				4811BE661FBCE7EE0094E915 /* LaunchScreen.storyboard */,
				4810C3AE1FCC44B4006B7AB4 /* UIImage+downloadedFrom.swift */,
			);
			path = Views;
			sourceTree = "<group>";
		};
		48B3144D1FCC47AC0050CEA9 /* lib */ = {
			isa = PBXGroup;
			children = (
				48B314501FCC480F0050CEA9 /* Data+MyExtensions.swift */,
				48B314511FCC480F0050CEA9 /* NSData+MyExtensions.h */,
				48B3144F1FCC480F0050CEA9 /* NSData+MyExtensions.m */,
				48B3144E1FCC480F0050CEA9 /* SafeLock-Bridging-Header.h */,
				48B314541FCC54370050CEA9 /* String+toRedNumbers.swift */,
			);
			path = lib;
			sourceTree = "<group>";
		};
		DA5D6C50FE79DBFC5BE94446 /* Frameworks */ = {
			isa = PBXGroup;
			children = (
				481E50D21FCA1E220051E4F5 /* CommonCrypto.framework */,
				481E50D11FCA1E220051E4F5 /* Crypto.framework */,
				4822D18C1FCA1196006DB4AB /* CryptoSwift.framework */,
				0F42C0103DC22AAECB33B46B /* Pods_SafeLock.framework */,
			);
			name = Frameworks;
			sourceTree = "<group>";
		};
		E5D860039BBDD3DAD8C237B6 /* Pods */ = {
			isa = PBXGroup;
			children = (
				C6296C816BF212A6C7F76957 /* Pods-SafeLock.debug.xcconfig */,
				726DA8716AE1F1B303DB1843 /* Pods-SafeLock.release.xcconfig */,
			);
			name = Pods;
			sourceTree = "<group>";
		};
/* End PBXGroup section */

/* Begin PBXNativeTarget section */
		4811BE591FBCE7EE0094E915 /* SafeLock */ = {
			isa = PBXNativeTarget;
			buildConfigurationList = 4811BE6C1FBCE7EE0094E915 /* Build configuration list for PBXNativeTarget "SafeLock" */;
			buildPhases = (
				7FF3802FBABDE044F1F30948 /* [CP] Check Pods Manifest.lock */,
				4811BE561FBCE7EE0094E915 /* Sources */,
				4811BE571FBCE7EE0094E915 /* Frameworks */,
				4811BE581FBCE7EE0094E915 /* Resources */,
				CF2D5BCEEDAAF17FE8EC1665 /* [CP] Embed Pods Frameworks */,
				903DC5576A738CF8D4EA5037 /* [CP] Copy Pods Resources */,
				4821AF0B1FCA1F7900007049 /* Copy Files */,
			);
			buildRules = (
			);
			dependencies = (
			);
			name = SafeLock;
			productName = SafeLock;
			productReference = 4811BE5A1FBCE7EE0094E915 /* SafeLock.app */;
			productType = "com.apple.product-type.application";
		};
/* End PBXNativeTarget section */

/* Begin PBXProject section */
		4811BE521FBCE7ED0094E915 /* Project object */ = {
			isa = PBXProject;
			attributes = {
				LastSwiftUpdateCheck = 0900;
				LastUpgradeCheck = 0900;
				ORGANIZATIONNAME = "Juchault.Lemarié";
				TargetAttributes = {
					4811BE591FBCE7EE0094E915 = {
						CreatedOnToolsVersion = 9.0;
						LastSwiftMigration = 0900;
					};
				};
			};
			buildConfigurationList = 4811BE551FBCE7ED0094E915 /* Build configuration list for PBXProject "SafeLock" */;
			compatibilityVersion = "Xcode 8.0";
			developmentRegion = en;
			hasScannedForEncodings = 0;
			knownRegions = (
				en,
				Base,
			);
			mainGroup = 4811BE511FBCE7ED0094E915;
			productRefGroup = 4811BE5B1FBCE7EE0094E915 /* Products */;
			projectDirPath = "";
			projectRoot = "";
			targets = (
				4811BE591FBCE7EE0094E915 /* SafeLock */,
			);
		};
/* End PBXProject section */

/* Begin PBXResourcesBuildPhase section */
		4811BE581FBCE7EE0094E915 /* Resources */ = {
			isa = PBXResourcesBuildPhase;
			buildActionMask = 2147483647;
			files = (
				4811BE681FBCE7EE0094E915 /* LaunchScreen.storyboard in Resources */,
				4811BE631FBCE7EE0094E915 /* Main.storyboard in Resources */,
			);
			runOnlyForDeploymentPostprocessing = 0;
		};
/* End PBXResourcesBuildPhase section */

/* Begin PBXShellScriptBuildPhase section */
		7FF3802FBABDE044F1F30948 /* [CP] Check Pods Manifest.lock */ = {
			isa = PBXShellScriptBuildPhase;
			buildActionMask = 2147483647;
			files = (
			);
			inputPaths = (
				"${PODS_PODFILE_DIR_PATH}/Podfile.lock",
				"${PODS_ROOT}/Manifest.lock",
			);
			name = "[CP] Check Pods Manifest.lock";
			outputPaths = (
				"$(DERIVED_FILE_DIR)/Pods-SafeLock-checkManifestLockResult.txt",
			);
			runOnlyForDeploymentPostprocessing = 0;
			shellPath = /bin/sh;
			shellScript = "diff \"${PODS_PODFILE_DIR_PATH}/Podfile.lock\" \"${PODS_ROOT}/Manifest.lock\" > /dev/null\nif [ $? != 0 ] ; then\n    # print error to STDERR\n    echo \"error: The sandbox is not in sync with the Podfile.lock. Run 'pod install' or update your CocoaPods installation.\" >&2\n    exit 1\nfi\n# This output is used by Xcode 'outputs' to avoid re-running this script phase.\necho \"SUCCESS\" > \"${SCRIPT_OUTPUT_FILE_0}\"\n";
			showEnvVarsInLog = 0;
		};
		903DC5576A738CF8D4EA5037 /* [CP] Copy Pods Resources */ = {
			isa = PBXShellScriptBuildPhase;
			buildActionMask = 2147483647;
			files = (
			);
			inputPaths = (
			);
			name = "[CP] Copy Pods Resources";
			outputPaths = (
			);
			runOnlyForDeploymentPostprocessing = 0;
			shellPath = /bin/sh;
			shellScript = "\"${SRCROOT}/Pods/Target Support Files/Pods-SafeLock/Pods-SafeLock-resources.sh\"\n";
			showEnvVarsInLog = 0;
		};
		CF2D5BCEEDAAF17FE8EC1665 /* [CP] Embed Pods Frameworks */ = {
			isa = PBXShellScriptBuildPhase;
			buildActionMask = 2147483647;
			files = (
			);
			inputPaths = (
				"${SRCROOT}/Pods/Target Support Files/Pods-SafeLock/Pods-SafeLock-frameworks.sh",
				"${BUILT_PRODUCTS_DIR}/Fuse/Fuse.framework",
			);
			name = "[CP] Embed Pods Frameworks";
			outputPaths = (
				"${TARGET_BUILD_DIR}/${FRAMEWORKS_FOLDER_PATH}/Fuse.framework",
			);
			runOnlyForDeploymentPostprocessing = 0;
			shellPath = /bin/sh;
			shellScript = "\"${SRCROOT}/Pods/Target Support Files/Pods-SafeLock/Pods-SafeLock-frameworks.sh\"\n";
			showEnvVarsInLog = 0;
		};
/* End PBXShellScriptBuildPhase section */

/* Begin PBXSourcesBuildPhase section */
		4811BE561FBCE7EE0094E915 /* Sources */ = {
			isa = PBXSourcesBuildPhase;
			buildActionMask = 2147483647;
			files = (
				487A88361FC31B08003CFD4F /* ConfirmDeletion.swift in Sources */,
				48CB872C1FC04BAD00DBA04E /* PasswordTableViewCell.swift in Sources */,
				4810C3AF1FCC44B4006B7AB4 /* UIImage+downloadedFrom.swift in Sources */,
				4801D7A21FBDC5FE006C1FBF /* Password.swift in Sources */,
				485AF8F11FBCF7E300DDAF58 /* AddWebsiteController.swift in Sources */,
				48B314531FCC480F0050CEA9 /* Data+MyExtensions.swift in Sources */,
				48ACCA961FC60E3B003685E2 /* LoginController.swift in Sources */,
				4811BE601FBCE7EE0094E915 /* MainController.swift in Sources */,
				48B314521FCC480F0050CEA9 /* NSData+MyExtensions.m in Sources */,
				482085091FC5ECA00013B33B /* CreateAccountController.swift in Sources */,
				48B314551FCC54370050CEA9 /* String+toRedNumbers.swift in Sources */,
				4811BE5E1FBCE7EE0094E915 /* AppDelegate.swift in Sources */,
				482085071FC5E5DF0013B33B /* User.swift in Sources */,
			);
			runOnlyForDeploymentPostprocessing = 0;
		};
/* End PBXSourcesBuildPhase section */

/* Begin PBXVariantGroup section */
		4811BE611FBCE7EE0094E915 /* Main.storyboard */ = {
			isa = PBXVariantGroup;
			children = (
				4811BE621FBCE7EE0094E915 /* Base */,
			);
			name = Main.storyboard;
			sourceTree = "<group>";
		};
		4811BE661FBCE7EE0094E915 /* LaunchScreen.storyboard */ = {
			isa = PBXVariantGroup;
			children = (
				4811BE671FBCE7EE0094E915 /* Base */,
			);
			name = LaunchScreen.storyboard;
			sourceTree = "<group>";
		};
/* End PBXVariantGroup section */

/* Begin XCBuildConfiguration section */
		4811BE6A1FBCE7EE0094E915 /* Debug */ = {
			isa = XCBuildConfiguration;
			buildSettings = {
				ALWAYS_SEARCH_USER_PATHS = NO;
				CLANG_ANALYZER_NONNULL = YES;
				CLANG_ANALYZER_NUMBER_OBJECT_CONVERSION = YES_AGGRESSIVE;
				CLANG_CXX_LANGUAGE_STANDARD = "gnu++14";
				CLANG_CXX_LIBRARY = "libc++";
				CLANG_ENABLE_MODULES = YES;
				CLANG_ENABLE_OBJC_ARC = YES;
				CLANG_WARN_BLOCK_CAPTURE_AUTORELEASING = YES;
				CLANG_WARN_BOOL_CONVERSION = YES;
				CLANG_WARN_COMMA = YES;
				CLANG_WARN_CONSTANT_CONVERSION = YES;
				CLANG_WARN_DIRECT_OBJC_ISA_USAGE = YES_ERROR;
				CLANG_WARN_DOCUMENTATION_COMMENTS = YES;
				CLANG_WARN_EMPTY_BODY = YES;
				CLANG_WARN_ENUM_CONVERSION = YES;
				CLANG_WARN_INFINITE_RECURSION = YES;
				CLANG_WARN_INT_CONVERSION = YES;
				CLANG_WARN_NON_LITERAL_NULL_CONVERSION = YES;
				CLANG_WARN_OBJC_LITERAL_CONVERSION = YES;
				CLANG_WARN_OBJC_ROOT_CLASS = YES_ERROR;
				CLANG_WARN_RANGE_LOOP_ANALYSIS = YES;
				CLANG_WARN_STRICT_PROTOTYPES = YES;
				CLANG_WARN_SUSPICIOUS_MOVE = YES;
				CLANG_WARN_UNGUARDED_AVAILABILITY = YES_AGGRESSIVE;
				CLANG_WARN_UNREACHABLE_CODE = YES;
				CLANG_WARN__DUPLICATE_METHOD_MATCH = YES;
				CODE_SIGN_IDENTITY = "iPhone Developer";
				COPY_PHASE_STRIP = NO;
				DEBUG_INFORMATION_FORMAT = dwarf;
				ENABLE_STRICT_OBJC_MSGSEND = YES;
				ENABLE_TESTABILITY = YES;
				GCC_C_LANGUAGE_STANDARD = gnu11;
				GCC_DYNAMIC_NO_PIC = NO;
				GCC_NO_COMMON_BLOCKS = YES;
				GCC_OPTIMIZATION_LEVEL = 0;
				GCC_PREPROCESSOR_DEFINITIONS = (
					"DEBUG=1",
					"$(inherited)",
				);
				GCC_WARN_64_TO_32_BIT_CONVERSION = YES;
				GCC_WARN_ABOUT_RETURN_TYPE = YES_ERROR;
				GCC_WARN_UNDECLARED_SELECTOR = YES;
				GCC_WARN_UNINITIALIZED_AUTOS = YES_AGGRESSIVE;
				GCC_WARN_UNUSED_FUNCTION = YES;
				GCC_WARN_UNUSED_VARIABLE = YES;
				IPHONEOS_DEPLOYMENT_TARGET = 11.0;
				MTL_ENABLE_DEBUG_INFO = YES;
				ONLY_ACTIVE_ARCH = YES;
				SDKROOT = iphoneos;
				SWIFT_ACTIVE_COMPILATION_CONDITIONS = DEBUG;
				SWIFT_OPTIMIZATION_LEVEL = "-Onone";
			};
			name = Debug;
		};
		4811BE6B1FBCE7EE0094E915 /* Release */ = {
			isa = XCBuildConfiguration;
			buildSettings = {
				ALWAYS_SEARCH_USER_PATHS = NO;
				CLANG_ANALYZER_NONNULL = YES;
				CLANG_ANALYZER_NUMBER_OBJECT_CONVERSION = YES_AGGRESSIVE;
				CLANG_CXX_LANGUAGE_STANDARD = "gnu++14";
				CLANG_CXX_LIBRARY = "libc++";
				CLANG_ENABLE_MODULES = YES;
				CLANG_ENABLE_OBJC_ARC = YES;
				CLANG_WARN_BLOCK_CAPTURE_AUTORELEASING = YES;
				CLANG_WARN_BOOL_CONVERSION = YES;
				CLANG_WARN_COMMA = YES;
				CLANG_WARN_CONSTANT_CONVERSION = YES;
				CLANG_WARN_DIRECT_OBJC_ISA_USAGE = YES_ERROR;
				CLANG_WARN_DOCUMENTATION_COMMENTS = YES;
				CLANG_WARN_EMPTY_BODY = YES;
				CLANG_WARN_ENUM_CONVERSION = YES;
				CLANG_WARN_INFINITE_RECURSION = YES;
				CLANG_WARN_INT_CONVERSION = YES;
				CLANG_WARN_NON_LITERAL_NULL_CONVERSION = YES;
				CLANG_WARN_OBJC_LITERAL_CONVERSION = YES;
				CLANG_WARN_OBJC_ROOT_CLASS = YES_ERROR;
				CLANG_WARN_RANGE_LOOP_ANALYSIS = YES;
				CLANG_WARN_STRICT_PROTOTYPES = YES;
				CLANG_WARN_SUSPICIOUS_MOVE = YES;
				CLANG_WARN_UNGUARDED_AVAILABILITY = YES_AGGRESSIVE;
				CLANG_WARN_UNREACHABLE_CODE = YES;
				CLANG_WARN__DUPLICATE_METHOD_MATCH = YES;
				CODE_SIGN_IDENTITY = "iPhone Developer";
				COPY_PHASE_STRIP = NO;
				DEBUG_INFORMATION_FORMAT = "dwarf-with-dsym";
				ENABLE_NS_ASSERTIONS = NO;
				ENABLE_STRICT_OBJC_MSGSEND = YES;
				GCC_C_LANGUAGE_STANDARD = gnu11;
				GCC_NO_COMMON_BLOCKS = YES;
				GCC_WARN_64_TO_32_BIT_CONVERSION = YES;
				GCC_WARN_ABOUT_RETURN_TYPE = YES_ERROR;
				GCC_WARN_UNDECLARED_SELECTOR = YES;
				GCC_WARN_UNINITIALIZED_AUTOS = YES_AGGRESSIVE;
				GCC_WARN_UNUSED_FUNCTION = YES;
				GCC_WARN_UNUSED_VARIABLE = YES;
				IPHONEOS_DEPLOYMENT_TARGET = 11.0;
				MTL_ENABLE_DEBUG_INFO = NO;
				SDKROOT = iphoneos;
				SWIFT_OPTIMIZATION_LEVEL = "-Owholemodule";
				VALIDATE_PRODUCT = YES;
			};
			name = Release;
		};
		4811BE6D1FBCE7EE0094E915 /* Debug */ = {
			isa = XCBuildConfiguration;
			baseConfigurationReference = C6296C816BF212A6C7F76957 /* Pods-SafeLock.debug.xcconfig */;
			buildSettings = {
				ASSETCATALOG_COMPILER_APPICON_NAME = AppIcon;
				CLANG_ENABLE_MODULES = YES;
				DEVELOPMENT_TEAM = E7NC6M4TZD;
				FRAMEWORK_SEARCH_PATHS = (
					"$(inherited)",
					"$(PROJECT_DIR)",
					"$(PROJECT_DIR)/Carthage/Build/iOS",
				);
				INFOPLIST_FILE = SafeLock/Info.plist;
				LD_RUNPATH_SEARCH_PATHS = "$(inherited) @executable_path/Frameworks";
				PRODUCT_BUNDLE_IDENTIFIER = "if26.juchault-lemarie.SafeLock";
				PRODUCT_NAME = "$(TARGET_NAME)";
				SWIFT_OBJC_BRIDGING_HEADER = "SafeLock/lib/SafeLock-Bridging-Header.h";
				SWIFT_OPTIMIZATION_LEVEL = "-Onone";
				SWIFT_VERSION = 4.0;
				TARGETED_DEVICE_FAMILY = "1,2";
			};
			name = Debug;
		};
		4811BE6E1FBCE7EE0094E915 /* Release */ = {
			isa = XCBuildConfiguration;
			baseConfigurationReference = 726DA8716AE1F1B303DB1843 /* Pods-SafeLock.release.xcconfig */;
			buildSettings = {
				ASSETCATALOG_COMPILER_APPICON_NAME = AppIcon;
				CLANG_ENABLE_MODULES = YES;
				DEVELOPMENT_TEAM = E7NC6M4TZD;
				FRAMEWORK_SEARCH_PATHS = (
					"$(inherited)",
					"$(PROJECT_DIR)",
					"$(PROJECT_DIR)/Carthage/Build/iOS",
				);
				INFOPLIST_FILE = SafeLock/Info.plist;
				LD_RUNPATH_SEARCH_PATHS = "$(inherited) @executable_path/Frameworks";
				PRODUCT_BUNDLE_IDENTIFIER = "if26.juchault-lemarie.SafeLock";
				PRODUCT_NAME = "$(TARGET_NAME)";
				SWIFT_OBJC_BRIDGING_HEADER = "SafeLock/lib/SafeLock-Bridging-Header.h";
				SWIFT_VERSION = 4.0;
				TARGETED_DEVICE_FAMILY = "1,2";
			};
			name = Release;
		};
/* End XCBuildConfiguration section */

/* Begin XCConfigurationList section */
		4811BE551FBCE7ED0094E915 /* Build configuration list for PBXProject "SafeLock" */ = {
			isa = XCConfigurationList;
			buildConfigurations = (
				4811BE6A1FBCE7EE0094E915 /* Debug */,
				4811BE6B1FBCE7EE0094E915 /* Release */,
			);
			defaultConfigurationIsVisible = 0;
			defaultConfigurationName = Release;
		};
		4811BE6C1FBCE7EE0094E915 /* Build configuration list for PBXNativeTarget "SafeLock" */ = {
			isa = XCConfigurationList;
			buildConfigurations = (
				4811BE6D1FBCE7EE0094E915 /* Debug */,
				4811BE6E1FBCE7EE0094E915 /* Release */,
			);
			defaultConfigurationIsVisible = 0;
			defaultConfigurationName = Release;
		};
/* End XCConfigurationList section */
	};
	rootObject = 4811BE521FBCE7ED0094E915 /* Project object */;
}
